github.com/divinerites/plausible-hugo v1.19.2 h1:Ksd1Ewp53gPmzm6vhDdRUxkUYwigaykhZlzOYzHYCzQ=
github.com/divinerites/plausible-hugo v1.19.2/go.mod h1:cxr+YB3FUwbLon8KCs4pV4Ankbkq6lJxTQUpNb5KqPo=
github.com/eljoth/eljoth-theme v0.0.0-20240124113422-ba6c39808393 h1:e7L/f8lzu0cZumCZ5O072xQ7qG+UsTjnj3vJCw7gh/s=
github.com/eljoth/eljoth-theme v0.0.0-20240124113422-ba6c39808393/go.mod h1:cpqHrf7lNox5FgnFdfou47MyvfBE1CE3TIJBXP2VqiU=
github.com/eljoth/eljoth-theme v0.0.0-20240124132650-df9175af7a1d h1:jjz0+PQYKmHGijVsGW5cD6eRAzxRVoto/kYHYKKKq/A=
github.com/eljoth/eljoth-theme v0.0.0-20240124132650-df9175af7a1d/go.mod h1:cpqHrf7lNox5FgnFdfou47MyvfBE1CE3TIJBXP2VqiU=
github.com/eljoth/eljoth-theme v0.0.0-20240124152334-b95e876c9e13 h1:KFAxcHit3lHO2nwVo5OG5bycg4AUV4ZgotO0tX9K/fY=
github.com/eljoth/eljoth-theme v0.0.0-20240124152334-b95e876c9e13/go.mod h1:cpqHrf7lNox5FgnFdfou47MyvfBE1CE3TIJBXP2VqiU=
github.com/eljoth/eljoth-theme v0.0.0-20240124154247-e8fa7063efd5 h1:0lQOZxcsM23BP1Oj1DHdz9TuVALkRnpCWXirpmmcfIQ=
github.com/eljoth/eljoth-theme v0.0.0-20240124154247-e8fa7063efd5/go.mod h1:cpqHrf7lNox5FgnFdfou47MyvfBE1CE3TIJBXP2VqiU=
github.com/eljoth/eljoth-theme v0.0.0-20240124155540-2dd4928d556a h1:ZLJIh/P2gUmXWgWIY4g1BgbuHCHIUdkiJL1HE9c4Z48=
github.com/eljoth/eljoth-theme v0.0.0-20240124155540-2dd4928d556a/go.mod h1:cpqHrf7lNox5FgnFdfou47MyvfBE1CE3TIJBXP2VqiU=
github.com/eljoth/eljoth-theme v0.0.0-20240124181545-3ea95f3b616f h1:7uyo13QRx9F5VFPqMx1AM+T37AIRkTiTZZjyMFgAUxI=
github.com/eljoth/eljoth-theme v0.0.0-20240124181545-3ea95f3b616f/go.mod h1:cpqHrf7lNox5FgnFdfou47MyvfBE1CE3TIJBXP2VqiU=
github.com/eljoth/eljoth-theme v0.0.0-20240124181859-38f08228b2bb h1:+GHL1KZni+vEI6REKePD4Q9tvxuhdSrL9dVQhrFwCLs=
github.com/eljoth/eljoth-theme v0.0.0-20240124181859-38f08228b2bb/go.mod h1:cpqHrf7lNox5FgnFdfou47MyvfBE1CE3TIJBXP2VqiU=
github.com/nanxiaobei/hugo-paper v0.0.0-20240117201023-9782859a4acf h1:FwI6gXHzzMzvYJH87zASuR/gs/9dajdoeMZCEBtEQDQ=
github.com/nanxiaobei/hugo-paper v0.0.0-20240117201023-9782859a4acf/go.mod h1:cS2hTYPgmZ2FkPTQbOiX6vB0yLQcWD067kJx2lkRPVQ=
